{
  "name": "novel-js",
  "version": "0.8.1",
  "lockfileVersion": 1,
  "requires": true,
  "dependencies": {
    "clean-css-cli": {
      "version": "4.1.3",
      "resolved": "https://registry.npmjs.org/clean-css-cli/-/clean-css-cli-4.1.3.tgz",
      "integrity": "sha1-XHG21s5eHQWPNbmwg4pEFd7hrW0=",
      "dev": true
    },
    "concat-files": {
      "version": "0.1.1",
      "resolved": "https://registry.npmjs.org/concat-files/-/concat-files-0.1.1.tgz",
      "integrity": "sha1-cBauYCeLo/awtWE2j6IRFg5VbbU=",
      "dev": true,
      "dependencies": {
        "async": {
          "version": "0.2.10",
          "resolved": "https://registry.npmjs.org/async/-/async-0.2.10.tgz",
          "integrity": "sha1-trvgsGdLnXGXCMo43owjfLUmw9E="
        }
      }
    },
    "http-server": {
      "version": "0.9.0",
      "resolved": "https://registry.npmjs.org/http-server/-/http-server-0.9.0.tgz",
      "integrity": "sha1-jxsGvcczYY1NxCgxx7oa/04GABo=",
      "dev": true
    },
    "node-sass": {
      "version": "4.5.3",
      "resolved": "https://registry.npmjs.org/node-sass/-/node-sass-4.5.3.tgz",
      "integrity": "sha1-0JydEXlkEjnRuX/8YjH9zsU+FWg=",
      "dev": true
    },
    "papaparse": {
      "version": "5.2.0",
      "resolved": "https://registry.npmjs.org/papaparse/-/papaparse-5.2.0.tgz",
      "integrity": "sha512-ylq1wgUSnagU+MKQtNeVqrPhZuMYBvOSL00DHycFTCxownF95gpLAk1HiHdUW77N8yxRq1qHXLdlIPyBSG9NSA==",
      "optional": true
    },
    "uglify-es": {
      "version": "3.0.15",
      "resolved": "https://registry.npmjs.org/uglify-es/-/uglify-es-3.0.15.tgz",
      "integrity": "sha1-SiPQ6ctfJfe7Px8LvguzZOYA0Ec=",
      "dev": true
    }
  }
}
